// !$*UTF8*$!
{
	archiveVersion = 1;
	classes = {
	};
	objectVersion = 55;
	objects = {

/* Begin PBXBuildFile section */
		63AAA8B528BC823B000D6663 /* AppDelegate.swift in Sources */ = {isa = PBXBuildFile; fileRef = 63AAA8B428BC823B000D6663 /* AppDelegate.swift */; };
		63AAA8B728BC823B000D6663 /* SceneDelegate.swift in Sources */ = {isa = PBXBuildFile; fileRef = 63AAA8B628BC823B000D6663 /* SceneDelegate.swift */; };
		63AAA8BC28BC823B000D6663 /* Main.storyboard in Resources */ = {isa = PBXBuildFile; fileRef = 63AAA8BA28BC823B000D6663 /* Main.storyboard */; };
		63AAA8BE28BC823D000D6663 /* Assets.xcassets in Resources */ = {isa = PBXBuildFile; fileRef = 63AAA8BD28BC823D000D6663 /* Assets.xcassets */; };
		63AAA8C128BC823D000D6663 /* LaunchScreen.storyboard in Resources */ = {isa = PBXBuildFile; fileRef = 63AAA8BF28BC823D000D6663 /* LaunchScreen.storyboard */; };
		63AAA8CB28BC8ABB000D6663 /* Games.storyboard in Resources */ = {isa = PBXBuildFile; fileRef = 63AAA8C928BC8ABB000D6663 /* Games.storyboard */; };
		63AAA8D028BC8AF7000D6663 /* Search.storyboard in Resources */ = {isa = PBXBuildFile; fileRef = 63AAA8CE28BC8AF7000D6663 /* Search.storyboard */; };
		63AAA8D228BC8B88000D6663 /* GamesViewController.swift in Sources */ = {isa = PBXBuildFile; fileRef = 63AAA8D128BC8B88000D6663 /* GamesViewController.swift */; };
		63AAA8D428BC8B95000D6663 /* SearchViewController.swift in Sources */ = {isa = PBXBuildFile; fileRef = 63AAA8D328BC8B95000D6663 /* SearchViewController.swift */; };
		63AAA8D628BC8BA0000D6663 /* AppsViewController.swift in Sources */ = {isa = PBXBuildFile; fileRef = 63AAA8D528BC8BA0000D6663 /* AppsViewController.swift */; };
		63AAA8DB28BC8CAA000D6663 /* Apps.storyboard in Resources */ = {isa = PBXBuildFile; fileRef = 63AAA8DA28BC8CAA000D6663 /* Apps.storyboard */; };
/* End PBXBuildFile section */

/* Begin PBXFileReference section */
		63AAA8B128BC823B000D6663 /* AppStoreClone.app */ = {isa = PBXFileReference; explicitFileType = wrapper.application; includeInIndex = 0; path = AppStoreClone.app; sourceTree = BUILT_PRODUCTS_DIR; };
		63AAA8B428BC823B000D6663 /* AppDelegate.swift */ = {isa = PBXFileReference; lastKnownFileType = sourcecode.swift; path = AppDelegate.swift; sourceTree = "<group>"; };
		63AAA8B628BC823B000D6663 /* SceneDelegate.swift */ = {isa = PBXFileReference; lastKnownFileType = sourcecode.swift; path = SceneDelegate.swift; sourceTree = "<group>"; };
		63AAA8BB28BC823B000D6663 /* Base */ = {isa = PBXFileReference; lastKnownFileType = file.storyboard; name = Base; path = Base.lproj/Main.storyboard; sourceTree = "<group>"; };
		63AAA8BD28BC823D000D6663 /* Assets.xcassets */ = {isa = PBXFileReference; lastKnownFileType = folder.assetcatalog; path = Assets.xcassets; sourceTree = "<group>"; };
		63AAA8C028BC823D000D6663 /* Base */ = {isa = PBXFileReference; lastKnownFileType = file.storyboard; name = Base; path = Base.lproj/LaunchScreen.storyboard; sourceTree = "<group>"; };
		63AAA8C228BC823D000D6663 /* Info.plist */ = {isa = PBXFileReference; lastKnownFileType = text.plist.xml; path = Info.plist; sourceTree = "<group>"; };
		63AAA8CA28BC8ABB000D6663 /* Base */ = {isa = PBXFileReference; lastKnownFileType = file.storyboard; name = Base; path = AppStoreClone/Base.lproj/Games.storyboard; sourceTree = "<group>"; };
		63AAA8CF28BC8AF7000D6663 /* Base */ = {isa = PBXFileReference; lastKnownFileType = file.storyboard; name = Base; path = Base.lproj/Search.storyboard; sourceTree = "<group>"; };
		63AAA8D128BC8B88000D6663 /* GamesViewController.swift */ = {isa = PBXFileReference; lastKnownFileType = sourcecode.swift; path = GamesViewController.swift; sourceTree = "<group>"; };
		63AAA8D328BC8B95000D6663 /* SearchViewController.swift */ = {isa = PBXFileReference; lastKnownFileType = sourcecode.swift; path = SearchViewController.swift; sourceTree = "<group>"; };
		63AAA8D528BC8BA0000D6663 /* AppsViewController.swift */ = {isa = PBXFileReference; lastKnownFileType = sourcecode.swift; path = AppsViewController.swift; sourceTree = "<group>"; };
		63AAA8DA28BC8CAA000D6663 /* Apps.storyboard */ = {isa = PBXFileReference; fileEncoding = 4; lastKnownFileType = file.storyboard; path = Apps.storyboard; sourceTree = "<group>"; };
/* End PBXFileReference section */

/* Begin PBXFrameworksBuildPhase section */
		63AAA8AE28BC823B000D6663 /* Frameworks */ = {
			isa = PBXFrameworksBuildPhase;
			buildActionMask = 2147483647;
			files = (
			);
			runOnlyForDeploymentPostprocessing = 0;
		};
/* End PBXFrameworksBuildPhase section */

/* Begin PBXGroup section */
		63AAA8A828BC823B000D6663 = {
			isa = PBXGroup;
			children = (
				63AAA8B328BC823B000D6663 /* AppStoreClone */,
				63AAA8B228BC823B000D6663 /* Products */,
			);
			sourceTree = "<group>";
		};
		63AAA8B228BC823B000D6663 /* Products */ = {
			isa = PBXGroup;
			children = (
				63AAA8B128BC823B000D6663 /* AppStoreClone.app */,
			);
			name = Products;
			sourceTree = "<group>";
		};
		63AAA8B328BC823B000D6663 /* AppStoreClone */ = {
			isa = PBXGroup;
			children = (
				63AAA8DC28BC8D66000D6663 /* Support Files */,
				63AAA8D928BC8BBE000D6663 /* Apps */,
				63AAA8D828BC8BB4000D6663 /* Search */,
				63AAA8D728BC8BA9000D6663 /* Games */,
			);
			path = AppStoreClone;
			sourceTree = "<group>";
		};
		63AAA8D728BC8BA9000D6663 /* Games */ = {
			isa = PBXGroup;
			children = (
				63AAA8C928BC8ABB000D6663 /* Games.storyboard */,
				63AAA8D128BC8B88000D6663 /* GamesViewController.swift */,
			);
			path = Games;
			sourceTree = "<group>";
		};
		63AAA8D828BC8BB4000D6663 /* Search */ = {
			isa = PBXGroup;
			children = (
				63AAA8CE28BC8AF7000D6663 /* Search.storyboard */,
				63AAA8D328BC8B95000D6663 /* SearchViewController.swift */,
			);
			path = Search;
			sourceTree = "<group>";
		};
		63AAA8D928BC8BBE000D6663 /* Apps */ = {
			isa = PBXGroup;
			children = (
				63AAA8DA28BC8CAA000D6663 /* Apps.storyboard */,
				63AAA8D528BC8BA0000D6663 /* AppsViewController.swift */,
			);
			path = Apps;
			sourceTree = "<group>";
		};
		63AAA8DC28BC8D66000D6663 /* Support Files */ = {
			isa = PBXGroup;
			children = (
				63AAA8B428BC823B000D6663 /* AppDelegate.swift */,
				63AAA8B628BC823B000D6663 /* SceneDelegate.swift */,
				63AAA8BA28BC823B000D6663 /* Main.storyboard */,
				63AAA8BD28BC823D000D6663 /* Assets.xcassets */,
				63AAA8BF28BC823D000D6663 /* LaunchScreen.storyboard */,
				63AAA8C228BC823D000D6663 /* Info.plist */,
			);
			name = "Support Files";
			sourceTree = "<group>";
		};
/* End PBXGroup section */

/* Begin PBXNativeTarget section */
		63AAA8B028BC823B000D6663 /* AppStoreClone */ = {
			isa = PBXNativeTarget;
			buildConfigurationList = 63AAA8C528BC823D000D6663 /* Build configuration list for PBXNativeTarget "AppStoreClone" */;
			buildPhases = (
				63AAA8AD28BC823B000D6663 /* Sources */,
				63AAA8AE28BC823B000D6663 /* Frameworks */,
				63AAA8AF28BC823B000D6663 /* Resources */,
			);
			buildRules = (
			);
			dependencies = (
			);
			name = AppStoreClone;
			productName = AppStoreClone;
			productReference = 63AAA8B128BC823B000D6663 /* AppStoreClone.app */;
			productType = "com.apple.product-type.application";
		};
/* End PBXNativeTarget section */

/* Begin PBXProject section */
		63AAA8A928BC823B000D6663 /* Project object */ = {
			isa = PBXProject;
			attributes = {
				BuildIndependentTargetsInParallel = 1;
				LastSwiftUpdateCheck = 1340;
				LastUpgradeCheck = 1340;
				TargetAttributes = {
					63AAA8B028BC823B000D6663 = {
						CreatedOnToolsVersion = 13.4;
					};
				};
			};
			buildConfigurationList = 63AAA8AC28BC823B000D6663 /* Build configuration list for PBXProject "AppStoreClone" */;
			compatibilityVersion = "Xcode 13.0";
			developmentRegion = en;
			hasScannedForEncodings = 0;
			knownRegions = (
				en,
				Base,
			);
			mainGroup = 63AAA8A828BC823B000D6663;
			productRefGroup = 63AAA8B228BC823B000D6663 /* Products */;
			projectDirPath = "";
			projectRoot = "";
			targets = (
				63AAA8B028BC823B000D6663 /* AppStoreClone */,
			);
		};
/* End PBXProject section */

/* Begin PBXResourcesBuildPhase section */
		63AAA8AF28BC823B000D6663 /* Resources */ = {
			isa = PBXResourcesBuildPhase;
			buildActionMask = 2147483647;
			files = (
				63AAA8CB28BC8ABB000D6663 /* Games.storyboard in Resources */,
				63AAA8DB28BC8CAA000D6663 /* Apps.storyboard in Resources */,
				63AAA8C128BC823D000D6663 /* LaunchScreen.storyboard in Resources */,
				63AAA8BE28BC823D000D6663 /* Assets.xcassets in Resources */,
				63AAA8D028BC8AF7000D6663 /* Search.storyboard in Resources */,
				63AAA8BC28BC823B000D6663 /* Main.storyboard in Resources */,
			);
			runOnlyForDeploymentPostprocessing = 0;
		};
/* End PBXResourcesBuildPhase section */

/* Begin PBXSourcesBuildPhase section */
		63AAA8AD28BC823B000D6663 /* Sources */ = {
			isa = PBXSourcesBuildPhase;
			buildActionMask = 2147483647;
			files = (
				63AAA8B528BC823B000D6663 /* AppDelegate.swift in Sources */,
				63AAA8D628BC8BA0000D6663 /* AppsViewController.swift in Sources */,
				63AAA8D228BC8B88000D6663 /* GamesViewController.swift in Sources */,
				63AAA8D428BC8B95000D6663 /* SearchViewController.swift in Sources */,
				63AAA8B728BC823B000D6663 /* SceneDelegate.swift in Sources */,
			);
			runOnlyForDeploymentPostprocessing = 0;
		};
/* End PBXSourcesBuildPhase section */

/* Begin PBXVariantGroup section */
		63AAA8BA28BC823B000D6663 /* Main.storyboard */ = {
			isa = PBXVariantGroup;
			children = (
				63AAA8BB28BC823B000D6663 /* Base */,
			);
			name = Main.storyboard;
			sourceTree = "<group>";
		};
		63AAA8BF28BC823D000D6663 /* LaunchScreen.storyboard */ = {
			isa = PBXVariantGroup;
			children = (
				63AAA8C028BC823D000D6663 /* Base */,
			);
			name = LaunchScreen.storyboard;
			sourceTree = "<group>";
		};
		63AAA8C928BC8ABB000D6663 /* Games.storyboard */ = {
			isa = PBXVariantGroup;
			children = (
				63AAA8CA28BC8ABB000D6663 /* Base */,
			);
			name = Games.storyboard;
			sourceTree = "<group>";
		};
		63AAA8CE28BC8AF7000D6663 /* Search.storyboard */ = {
			isa = PBXVariantGroup;
			children = (
				63AAA8CF28BC8AF7000D6663 /* Base */,
			);
			name = Search.storyboard;
			sourceTree = "<group>";
		};
/* End PBXVariantGroup section */

/* Begin XCBuildConfiguration section */
		63AAA8C328BC823D000D6663 /* Debug */ = {
			isa = XCBuildConfiguration;
			buildSettings = {
				ALWAYS_SEARCH_USER_PATHS = NO;
				CLANG_ANALYZER_NONNULL = YES;
				CLANG_ANALYZER_NUMBER_OBJECT_CONVERSION = YES_AGGRESSIVE;
				CLANG_CXX_LANGUAGE_STANDARD = "gnu++17";
				CLANG_ENABLE_MODULES = YES;
				CLANG_ENABLE_OBJC_ARC = YES;
				CLANG_ENABLE_OBJC_WEAK = YES;
				CLANG_WARN_BLOCK_CAPTURE_AUTORELEASING = YES;
				CLANG_WARN_BOOL_CONVERSION = YES;
				CLANG_WARN_COMMA = YES;
				CLANG_WARN_CONSTANT_CONVERSION = YES;
				CLANG_WARN_DEPRECATED_OBJC_IMPLEMENTATIONS = YES;
				CLANG_WARN_DIRECT_OBJC_ISA_USAGE = YES_ERROR;
				CLANG_WARN_DOCUMENTATION_COMMENTS = YES;
				CLANG_WARN_EMPTY_BODY = YES;
				CLANG_WARN_ENUM_CONVERSION = YES;
				CLANG_WARN_INFINITE_RECURSION = YES;
				CLANG_WARN_INT_CONVERSION = YES;
				CLANG_WARN_NON_LITERAL_NULL_CONVERSION = YES;
				CLANG_WARN_OBJC_IMPLICIT_RETAIN_SELF = YES;
				CLANG_WARN_OBJC_LITERAL_CONVERSION = YES;
				CLANG_WARN_OBJC_ROOT_CLASS = YES_ERROR;
				CLANG_WARN_QUOTED_INCLUDE_IN_FRAMEWORK_HEADER = YES;
				CLANG_WARN_RANGE_LOOP_ANALYSIS = YES;
				CLANG_WARN_STRICT_PROTOTYPES = YES;
				CLANG_WARN_SUSPICIOUS_MOVE = YES;
				CLANG_WARN_UNGUARDED_AVAILABILITY = YES_AGGRESSIVE;
				CLANG_WARN_UNREACHABLE_CODE = YES;
				CLANG_WARN__DUPLICATE_METHOD_MATCH = YES;
				COPY_PHASE_STRIP = NO;
				DEBUG_INFORMATION_FORMAT = dwarf;
				ENABLE_STRICT_OBJC_MSGSEND = YES;
				ENABLE_TESTABILITY = YES;
				GCC_C_LANGUAGE_STANDARD = gnu11;
				GCC_DYNAMIC_NO_PIC = NO;
				GCC_NO_COMMON_BLOCKS = YES;
				GCC_OPTIMIZATION_LEVEL = 0;
				GCC_PREPROCESSOR_DEFINITIONS = (
					"DEBUG=1",
					"$(inherited)",
				);
				GCC_WARN_64_TO_32_BIT_CONVERSION = YES;
				GCC_WARN_ABOUT_RETURN_TYPE = YES_ERROR;
				GCC_WARN_UNDECLARED_SELECTOR = YES;
				GCC_WARN_UNINITIALIZED_AUTOS = YES_AGGRESSIVE;
				GCC_WARN_UNUSED_FUNCTION = YES;
				GCC_WARN_UNUSED_VARIABLE = YES;
				IPHONEOS_DEPLOYMENT_TARGET = 15.5;
				MTL_ENABLE_DEBUG_INFO = INCLUDE_SOURCE;
				MTL_FAST_MATH = YES;
				ONLY_ACTIVE_ARCH = YES;
				SDKROOT = iphoneos;
				SWIFT_ACTIVE_COMPILATION_CONDITIONS = DEBUG;
				SWIFT_OPTIMIZATION_LEVEL = "-Onone";
			};
			name = Debug;
		};
		63AAA8C428BC823D000D6663 /* Release */ = {
			isa = XCBuildConfiguration;
			buildSettings = {
				ALWAYS_SEARCH_USER_PATHS = NO;
				CLANG_ANALYZER_NONNULL = YES;
				CLANG_ANALYZER_NUMBER_OBJECT_CONVERSION = YES_AGGRESSIVE;
				CLANG_CXX_LANGUAGE_STANDARD = "gnu++17";
				CLANG_ENABLE_MODULES = YES;
				CLANG_ENABLE_OBJC_ARC = YES;
				CLANG_ENABLE_OBJC_WEAK = YES;
				CLANG_WARN_BLOCK_CAPTURE_AUTORELEASING = YES;
				CLANG_WARN_BOOL_CONVERSION = YES;
				CLANG_WARN_COMMA = YES;
				CLANG_WARN_CONSTANT_CONVERSION = YES;
				CLANG_WARN_DEPRECATED_OBJC_IMPLEMENTATIONS = YES;
				CLANG_WARN_DIRECT_OBJC_ISA_USAGE = YES_ERROR;
				CLANG_WARN_DOCUMENTATION_COMMENTS = YES;
				CLANG_WARN_EMPTY_BODY = YES;
				CLANG_WARN_ENUM_CONVERSION = YES;
				CLANG_WARN_INFINITE_RECURSION = YES;
				CLANG_WARN_INT_CONVERSION = YES;
				CLANG_WARN_NON_LITERAL_NULL_CONVERSION = YES;
				CLANG_WARN_OBJC_IMPLICIT_RETAIN_SELF = YES;
				CLANG_WARN_OBJC_LITERAL_CONVERSION = YES;
				CLANG_WARN_OBJC_ROOT_CLASS = YES_ERROR;
				CLANG_WARN_QUOTED_INCLUDE_IN_FRAMEWORK_HEADER = YES;
				CLANG_WARN_RANGE_LOOP_ANALYSIS = YES;
				CLANG_WARN_STRICT_PROTOTYPES = YES;
				CLANG_WARN_SUSPICIOUS_MOVE = YES;
				CLANG_WARN_UNGUARDED_AVAILABILITY = YES_AGGRESSIVE;
				CLANG_WARN_UNREACHABLE_CODE = YES;
				CLANG_WARN__DUPLICATE_METHOD_MATCH = YES;
				COPY_PHASE_STRIP = NO;
				DEBUG_INFORMATION_FORMAT = "dwarf-with-dsym";
				ENABLE_NS_ASSERTIONS = NO;
				ENABLE_STRICT_OBJC_MSGSEND = YES;
				GCC_C_LANGUAGE_STANDARD = gnu11;
				GCC_NO_COMMON_BLOCKS = YES;
				GCC_WARN_64_TO_32_BIT_CONVERSION = YES;
				GCC_WARN_ABOUT_RETURN_TYPE = YES_ERROR;
				GCC_WARN_UNDECLARED_SELECTOR = YES;
				GCC_WARN_UNINITIALIZED_AUTOS = YES_AGGRESSIVE;
				GCC_WARN_UNUSED_FUNCTION = YES;
				GCC_WARN_UNUSED_VARIABLE = YES;
				IPHONEOS_DEPLOYMENT_TARGET = 15.5;
				MTL_ENABLE_DEBUG_INFO = NO;
				MTL_FAST_MATH = YES;
				SDKROOT = iphoneos;
				SWIFT_COMPILATION_MODE = wholemodule;
				SWIFT_OPTIMIZATION_LEVEL = "-O";
				VALIDATE_PRODUCT = YES;
			};
			name = Release;
		};
		63AAA8C628BC823D000D6663 /* Debug */ = {
			isa = XCBuildConfiguration;
			buildSettings = {
				ASSETCATALOG_COMPILER_APPICON_NAME = AppIcon;
				ASSETCATALOG_COMPILER_GLOBAL_ACCENT_COLOR_NAME = AccentColor;
				CODE_SIGN_ENTITLEMENTS = AppStoreClone/AppStoreClone.entitlements;
				CODE_SIGN_STYLE = Automatic;
				CURRENT_PROJECT_VERSION = 1;
				GENERATE_INFOPLIST_FILE = YES;
				INFOPLIST_FILE = AppStoreClone/Info.plist;
				INFOPLIST_KEY_CFBundleDisplayName = "App Store Clone";
				INFOPLIST_KEY_UIApplicationSupportsIndirectInputEvents = YES;
				INFOPLIST_KEY_UILaunchStoryboardName = LaunchScreen;
				INFOPLIST_KEY_UIMainStoryboardFile = Main;
				INFOPLIST_KEY_UISupportedInterfaceOrientations_iPad = "UIInterfaceOrientationPortrait UIInterfaceOrientationPortraitUpsideDown UIInterfaceOrientationLandscapeLeft UIInterfaceOrientationLandscapeRight";
				INFOPLIST_KEY_UISupportedInterfaceOrientations_iPhone = "UIInterfaceOrientationPortrait UIInterfaceOrientationLandscapeLeft UIInterfaceOrientationLandscapeRight";
				IPHONEOS_DEPLOYMENT_TARGET = 15.0;
				LD_RUNPATH_SEARCH_PATHS = (
					"$(inherited)",
					"@executable_path/Frameworks",
				);
				MARKETING_VERSION = 1.0.0;
				PRODUCT_BUNDLE_IDENTIFIER = kr.co.hemg2.AppStoreClone;
				PRODUCT_NAME = "$(TARGET_NAME)";
				SUPPORTS_MACCATALYST = NO;
				SWIFT_EMIT_LOC_STRINGS = YES;
				SWIFT_VERSION = 5.0;
				TARGETED_DEVICE_FAMILY = 1;
			};
			name = Debug;
		};
		63AAA8C728BC823D000D6663 /* Release */ = {
			isa = XCBuildConfiguration;
			buildSettings = {
				ASSETCATALOG_COMPILER_APPICON_NAME = AppIcon;
				ASSETCATALOG_COMPILER_GLOBAL_ACCENT_COLOR_NAME = AccentColor;
				CODE_SIGN_ENTITLEMENTS = AppStoreClone/AppStoreClone.entitlements;
				CODE_SIGN_STYLE = Automatic;
				CURRENT_PROJECT_VERSION = 1;
				GENERATE_INFOPLIST_FILE = YES;
				INFOPLIST_FILE = AppStoreClone/Info.plist;
				INFOPLIST_KEY_CFBundleDisplayName = "App Store Clone";
				INFOPLIST_KEY_UIApplicationSupportsIndirectInputEvents = YES;
				INFOPLIST_KEY_UILaunchStoryboardName = LaunchScreen;
				INFOPLIST_KEY_UIMainStoryboardFile = Main;
				INFOPLIST_KEY_UISupportedInterfaceOrientations_iPad = "UIInterfaceOrientationPortrait UIInterfaceOrientationPortraitUpsideDown UIInterfaceOrientationLandscapeLeft UIInterfaceOrientationLandscapeRight";
				INFOPLIST_KEY_UISupportedInterfaceOrientations_iPhone = "UIInterfaceOrientationPortrait UIInterfaceOrientationLandscapeLeft UIInterfaceOrientationLandscapeRight";
				IPHONEOS_DEPLOYMENT_TARGET = 15.0;
				LD_RUNPATH_SEARCH_PATHS = (
					"$(inherited)",
					"@executable_path/Frameworks",
				);
				MARKETING_VERSION = 1.0.0;
				PRODUCT_BUNDLE_IDENTIFIER = kr.co.hemg2.AppStoreClone;
				PRODUCT_NAME = "$(TARGET_NAME)";
				SUPPORTS_MACCATALYST = NO;
				SWIFT_EMIT_LOC_STRINGS = YES;
				SWIFT_VERSION = 5.0;
				TARGETED_DEVICE_FAMILY = 1;
			};
			name = Release;
		};
/* End XCBuildConfiguration section */

/* Begin XCConfigurationList section */
		63AAA8AC28BC823B000D6663 /* Build configuration list for PBXProject "AppStoreClone" */ = {
			isa = XCConfigurationList;
			buildConfigurations = (
				63AAA8C328BC823D000D6663 /* Debug */,
				63AAA8C428BC823D000D6663 /* Release */,
			);
			defaultConfigurationIsVisible = 0;
			defaultConfigurationName = Release;
		};
		63AAA8C528BC823D000D6663 /* Build configuration list for PBXNativeTarget "AppStoreClone" */ = {
			isa = XCConfigurationList;
			buildConfigurations = (
				63AAA8C628BC823D000D6663 /* Debug */,
				63AAA8C728BC823D000D6663 /* Release */,
			);
			defaultConfigurationIsVisible = 0;
			defaultConfigurationName = Release;
		};
/* End XCConfigurationList section */
	};
	rootObject = 63AAA8A928BC823B000D6663 /* Project object */;
}
